
Microsoft Visual Studio Solution File, Format Version 12.00
# Visual Studio 2012
Project("{8BC9CEB8-8B4A-11D0-8D11-00A0C91BC942}") = "Bundler", "Bundler\Bundler.vcxproj", "{00B517F3-CDF3-4E07-96B4-594625F601BE}"
EndProject
Project("{8BC9CEB8-8B4A-11D0-8D11-00A0C91BC942}") = "Bundle2PMVS", "Bundle2PMVS\Bundle2PMVS.vcxproj", "{E69FEA06-0377-49E8-8D78-825157A1242B}"
EndProject
Project("{8BC9CEB8-8B4A-11D0-8D11-00A0C91BC942}") = "KeyMatchFull", "KeyMatchFull\KeyMatchFull.vcxproj", "{9A164D12-EE2B-4E98-9F0F-E6EB388186B6}"
EndProject
Project("{8BC9CEB8-8B4A-11D0-8D11-00A0C91BC942}") = "RadialUndistort", "RadialUndistort\RadialUndistort.vcxproj", "{738276B4-E859-450A-9078-9CBB4A19B149}"
EndProject
Project("{8BC9CEB8-8B4A-11D0-8D11-00A0C91BC942}") = "5point", "5point\5point.vcxproj", "{E396A85B-D9E0-4A1D-AACE-54E38D11F0F2}"
EndProject
Project("{8BC9CEB8-8B4A-11D0-8D11-00A0C91BC942}") = "ann_1.1_char", "ann_1.1_char\ann_1.1_char.vcxproj", "{F33F640C-A3CC-4561-A6FE-2931026C815D}"
EndProject
Project("{8BC9CEB8-8B4A-11D0-8D11-00A0C91BC942}") = "cblas", "cblas\cblas.vcxproj", "{C1CAAF95-6E4F-4A5D-AC66-F5229CDED9A8}"
EndProject
Project("{8BC9CEB8-8B4A-11D0-8D11-00A0C91BC942}") = "clapack", "clapack\clapack.vcxproj", "{D410091F-257B-43DC-802E-4B3003C48E75}"
EndProject
Project("{8BC9CEB8-8B4A-11D0-8D11-00A0C91BC942}") = "cminpack", "cminpack\cminpack.vcxproj", "{28B653EE-9CC9-45C5-AA7B-821E293F90C4}"
EndProject
Project("{8BC9CEB8-8B4A-11D0-8D11-00A0C91BC942}") = "f2c", "f2c\f2c.vcxproj", "{06612C22-FAF7-48C0-9B2F-AAAEEC385ADD}"
EndProject
Project("{8BC9CEB8-8B4A-11D0-8D11-00A0C91BC942}") = "getopt", "getopt\getopt.vcxproj", "{D5B2BCD6-585F-4ADD-B224-DA1F38A8D443}"
EndProject
Project("{8BC9CEB8-8B4A-11D0-8D11-00A0C91BC942}") = "imagelib", "imagelib\imagelib.vcxproj", "{3FEFDF7D-1E0F-41A2-ABA8-1B3775172061}"
EndProject
Project("{8BC9CEB8-8B4A-11D0-8D11-00A0C91BC942}") = "jpeg", "jpeg\jpeg.vcxproj", "{4924294C-C6AB-4968-A614-F56B7D7B6DE4}"
EndProject
Project("{8BC9CEB8-8B4A-11D0-8D11-00A0C91BC942}") = "matrix", "matrix\matrix.vcxproj", "{1978B246-6B03-4768-B561-F8310114201B}"
EndProject
Project("{8BC9CEB8-8B4A-11D0-8D11-00A0C91BC942}") = "minpack", "minpack\minpack.vcxproj", "{86967886-C522-447A-B64E-E9E2D069751D}"
EndProject
Project("{8BC9CEB8-8B4A-11D0-8D11-00A0C91BC942}") = "sba-1.5", "sba-1.5\sba-1.5.vcxproj", "{AA8469D0-973F-4F2C-9B5E-7C3DE73FEE06}"
EndProject
Project("{8BC9CEB8-8B4A-11D0-8D11-00A0C91BC942}") = "sfm-driver", "sfm-driver\sfm-driver.vcxproj", "{7A7B815C-FF90-4C44-A3BD-B90FB0FC9F88}"
EndProject
Project("{8BC9CEB8-8B4A-11D0-8D11-00A0C91BC942}") = "zlib", "zlib\zlib.vcxproj", "{ED8C546D-3B34-46C9-A074-5473E8A82A21}"
EndProject
Global
	GlobalSection(SolutionConfigurationPlatforms) = preSolution
		Debug|Win32 = Debug|Win32
		Debug|x64 = Debug|x64
		Release|Win32 = Release|Win32
		Release|x64 = Release|x64
	EndGlobalSection
	GlobalSection(ProjectConfigurationPlatforms) = postSolution
		{00B517F3-CDF3-4E07-96B4-594625F601BE}.Debug|Win32.ActiveCfg = Debug|Win32
		{00B517F3-CDF3-4E07-96B4-594625F601BE}.Debug|Win32.Build.0 = Debug|Win32
		{00B517F3-CDF3-4E07-96B4-594625F601BE}.Debug|x64.ActiveCfg = Debug|x64
		{00B517F3-CDF3-4E07-96B4-594625F601BE}.Debug|x64.Build.0 = Debug|x64
		{00B517F3-CDF3-4E07-96B4-594625F601BE}.Release|Win32.ActiveCfg = Release|Win32
		{00B517F3-CDF3-4E07-96B4-594625F601BE}.Release|Win32.Build.0 = Release|Win32
		{00B517F3-CDF3-4E07-96B4-594625F601BE}.Release|x64.ActiveCfg = Release|x64
		{00B517F3-CDF3-4E07-96B4-594625F601BE}.Release|x64.Build.0 = Release|x64
		{E69FEA06-0377-49E8-8D78-825157A1242B}.Debug|Win32.ActiveCfg = Debug|Win32
		{E69FEA06-0377-49E8-8D78-825157A1242B}.Debug|Win32.Build.0 = Debug|Win32
		{E69FEA06-0377-49E8-8D78-825157A1242B}.Debug|x64.ActiveCfg = Debug|x64
		{E69FEA06-0377-49E8-8D78-825157A1242B}.Debug|x64.Build.0 = Debug|x64
		{E69FEA06-0377-49E8-8D78-825157A1242B}.Release|Win32.ActiveCfg = Release|Win32
		{E69FEA06-0377-49E8-8D78-825157A1242B}.Release|Win32.Build.0 = Release|Win32
		{E69FEA06-0377-49E8-8D78-825157A1242B}.Release|x64.ActiveCfg = Release|x64
		{E69FEA06-0377-49E8-8D78-825157A1242B}.Release|x64.Build.0 = Release|x64
		{9A164D12-EE2B-4E98-9F0F-E6EB388186B6}.Debug|Win32.ActiveCfg = Debug|Win32
		{9A164D12-EE2B-4E98-9F0F-E6EB388186B6}.Debug|Win32.Build.0 = Debug|Win32
		{9A164D12-EE2B-4E98-9F0F-E6EB388186B6}.Debug|x64.ActiveCfg = Debug|x64
		{9A164D12-EE2B-4E98-9F0F-E6EB388186B6}.Debug|x64.Build.0 = Debug|x64
		{9A164D12-EE2B-4E98-9F0F-E6EB388186B6}.Release|Win32.ActiveCfg = Release|Win32
		{9A164D12-EE2B-4E98-9F0F-E6EB388186B6}.Release|Win32.Build.0 = Release|Win32
		{9A164D12-EE2B-4E98-9F0F-E6EB388186B6}.Release|x64.ActiveCfg = Release|x64
		{9A164D12-EE2B-4E98-9F0F-E6EB388186B6}.Release|x64.Build.0 = Release|x64
		{738276B4-E859-450A-9078-9CBB4A19B149}.Debug|Win32.ActiveCfg = Debug|Win32
		{738276B4-E859-450A-9078-9CBB4A19B149}.Debug|Win32.Build.0 = Debug|Win32
		{738276B4-E859-450A-9078-9CBB4A19B149}.Debug|x64.ActiveCfg = Debug|x64
		{738276B4-E859-450A-9078-9CBB4A19B149}.Debug|x64.Build.0 = Debug|x64
		{738276B4-E859-450A-9078-9CBB4A19B149}.Release|Win32.ActiveCfg = Release|Win32
		{738276B4-E859-450A-9078-9CBB4A19B149}.Release|Win32.Build.0 = Release|Win32
		{738276B4-E859-450A-9078-9CBB4A19B149}.Release|x64.ActiveCfg = Release|x64
		{738276B4-E859-450A-9078-9CBB4A19B149}.Release|x64.Build.0 = Release|x64
		{E396A85B-D9E0-4A1D-AACE-54E38D11F0F2}.Debug|Win32.ActiveCfg = Debug|Win32
		{E396A85B-D9E0-4A1D-AACE-54E38D11F0F2}.Debug|Win32.Build.0 = Debug|Win32
		{E396A85B-D9E0-4A1D-AACE-54E38D11F0F2}.Debug|x64.ActiveCfg = Debug|x64
		{E396A85B-D9E0-4A1D-AACE-54E38D11F0F2}.Debug|x64.Build.0 = Debug|x64
		{E396A85B-D9E0-4A1D-AACE-54E38D11F0F2}.Release|Win32.ActiveCfg = Release|Win32
		{E396A85B-D9E0-4A1D-AACE-54E38D11F0F2}.Release|Win32.Build.0 = Release|Win32
		{E396A85B-D9E0-4A1D-AACE-54E38D11F0F2}.Release|x64.ActiveCfg = Release|x64
		{E396A85B-D9E0-4A1D-AACE-54E38D11F0F2}.Release|x64.Build.0 = Release|x64
		{F33F640C-A3CC-4561-A6FE-2931026C815D}.Debug|Win32.ActiveCfg = Debug|Win32
		{F33F640C-A3CC-4561-A6FE-2931026C815D}.Debug|Win32.Build.0 = Debug|Win32
		{F33F640C-A3CC-4561-A6FE-2931026C815D}.Debug|x64.ActiveCfg = Debug|x64
		{F33F640C-A3CC-4561-A6FE-2931026C815D}.Debug|x64.Build.0 = Debug|x64
		{F33F640C-A3CC-4561-A6FE-2931026C815D}.Release|Win32.ActiveCfg = Release|Win32
		{F33F640C-A3CC-4561-A6FE-2931026C815D}.Release|Win32.Build.0 = Release|Win32
		{F33F640C-A3CC-4561-A6FE-2931026C815D}.Release|x64.ActiveCfg = Release|x64
		{F33F640C-A3CC-4561-A6FE-2931026C815D}.Release|x64.Build.0 = Release|x64
		{C1CAAF95-6E4F-4A5D-AC66-F5229CDED9A8}.Debug|Win32.ActiveCfg = Debug|Win32
		{C1CAAF95-6E4F-4A5D-AC66-F5229CDED9A8}.Debug|Win32.Build.0 = Debug|Win32
		{C1CAAF95-6E4F-4A5D-AC66-F5229CDED9A8}.Debug|x64.ActiveCfg = Debug|x64
		{C1CAAF95-6E4F-4A5D-AC66-F5229CDED9A8}.Debug|x64.Build.0 = Debug|x64
		{C1CAAF95-6E4F-4A5D-AC66-F5229CDED9A8}.Release|Win32.ActiveCfg = Release|Win32
		{C1CAAF95-6E4F-4A5D-AC66-F5229CDED9A8}.Release|Win32.Build.0 = Release|Win32
		{C1CAAF95-6E4F-4A5D-AC66-F5229CDED9A8}.Release|x64.ActiveCfg = Release|x64
		{C1CAAF95-6E4F-4A5D-AC66-F5229CDED9A8}.Release|x64.Build.0 = Release|x64
		{D410091F-257B-43DC-802E-4B3003C48E75}.Debug|Win32.ActiveCfg = Debug|Win32
		{D410091F-257B-43DC-802E-4B3003C48E75}.Debug|Win32.Build.0 = Debug|Win32
		{D410091F-257B-43DC-802E-4B3003C48E75}.Debug|x64.ActiveCfg = Debug|x64
		{D410091F-257B-43DC-802E-4B3003C48E75}.Debug|x64.Build.0 = Debug|x64
		{D410091F-257B-43DC-802E-4B3003C48E75}.Release|Win32.ActiveCfg = Release|Win32
		{D410091F-257B-43DC-802E-4B3003C48E75}.Release|Win32.Build.0 = Release|Win32
		{D410091F-257B-43DC-802E-4B3003C48E75}.Release|x64.ActiveCfg = Release|x64
		{D410091F-257B-43DC-802E-4B3003C48E75}.Release|x64.Build.0 = Release|x64
		{28B653EE-9CC9-45C5-AA7B-821E293F90C4}.Debug|Win32.ActiveCfg = Debug|Win32
		{28B653EE-9CC9-45C5-AA7B-821E293F90C4}.Debug|Win32.Build.0 = Debug|Win32
		{28B653EE-9CC9-45C5-AA7B-821E293F90C4}.Debug|x64.ActiveCfg = Debug|x64
		{28B653EE-9CC9-45C5-AA7B-821E293F90C4}.Debug|x64.Build.0 = Debug|x64
		{28B653EE-9CC9-45C5-AA7B-821E293F90C4}.Release|Win32.ActiveCfg = Release|Win32
		{28B653EE-9CC9-45C5-AA7B-821E293F90C4}.Release|Win32.Build.0 = Release|Win32
		{28B653EE-9CC9-45C5-AA7B-821E293F90C4}.Release|x64.ActiveCfg = Release|x64
		{28B653EE-9CC9-45C5-AA7B-821E293F90C4}.Release|x64.Build.0 = Release|x64
		{06612C22-FAF7-48C0-9B2F-AAAEEC385ADD}.Debug|Win32.ActiveCfg = Debug|Win32
		{06612C22-FAF7-48C0-9B2F-AAAEEC385ADD}.Debug|Win32.Build.0 = Debug|Win32
		{06612C22-FAF7-48C0-9B2F-AAAEEC385ADD}.Debug|x64.ActiveCfg = Debug|x64
		{06612C22-FAF7-48C0-9B2F-AAAEEC385ADD}.Debug|x64.Build.0 = Debug|x64
		{06612C22-FAF7-48C0-9B2F-AAAEEC385ADD}.Release|Win32.ActiveCfg = Release|Win32
		{06612C22-FAF7-48C0-9B2F-AAAEEC385ADD}.Release|Win32.Build.0 = Release|Win32
		{06612C22-FAF7-48C0-9B2F-AAAEEC385ADD}.Release|x64.ActiveCfg = Release|x64
		{06612C22-FAF7-48C0-9B2F-AAAEEC385ADD}.Release|x64.Build.0 = Release|x64
		{D5B2BCD6-585F-4ADD-B224-DA1F38A8D443}.Debug|Win32.ActiveCfg = Debug|Win32
		{D5B2BCD6-585F-4ADD-B224-DA1F38A8D443}.Debug|Win32.Build.0 = Debug|Win32
		{D5B2BCD6-585F-4ADD-B224-DA1F38A8D443}.Debug|x64.ActiveCfg = Debug|x64
		{D5B2BCD6-585F-4ADD-B224-DA1F38A8D443}.Debug|x64.Build.0 = Debug|x64
		{D5B2BCD6-585F-4ADD-B224-DA1F38A8D443}.Release|Win32.ActiveCfg = Release|Win32
		{D5B2BCD6-585F-4ADD-B224-DA1F38A8D443}.Release|Win32.Build.0 = Release|Win32
		{D5B2BCD6-585F-4ADD-B224-DA1F38A8D443}.Release|x64.ActiveCfg = Release|x64
		{D5B2BCD6-585F-4ADD-B224-DA1F38A8D443}.Release|x64.Build.0 = Release|x64
		{3FEFDF7D-1E0F-41A2-ABA8-1B3775172061}.Debug|Win32.ActiveCfg = Debug|Win32
		{3FEFDF7D-1E0F-41A2-ABA8-1B3775172061}.Debug|Win32.Build.0 = Debug|Win32
		{3FEFDF7D-1E0F-41A2-ABA8-1B3775172061}.Debug|x64.ActiveCfg = Debug|x64
		{3FEFDF7D-1E0F-41A2-ABA8-1B3775172061}.Debug|x64.Build.0 = Debug|x64
		{3FEFDF7D-1E0F-41A2-ABA8-1B3775172061}.Release|Win32.ActiveCfg = Release|Win32
		{3FEFDF7D-1E0F-41A2-ABA8-1B3775172061}.Release|Win32.Build.0 = Release|Win32
		{3FEFDF7D-1E0F-41A2-ABA8-1B3775172061}.Release|x64.ActiveCfg = Release|x64
		{3FEFDF7D-1E0F-41A2-ABA8-1B3775172061}.Release|x64.Build.0 = Release|x64
		{4924294C-C6AB-4968-A614-F56B7D7B6DE4}.Debug|Win32.ActiveCfg = Debug|Win32
		{4924294C-C6AB-4968-A614-F56B7D7B6DE4}.Debug|Win32.Build.0 = Debug|Win32
		{4924294C-C6AB-4968-A614-F56B7D7B6DE4}.Debug|x64.ActiveCfg = Debug|x64
		{4924294C-C6AB-4968-A614-F56B7D7B6DE4}.Debug|x64.Build.0 = Debug|x64
		{4924294C-C6AB-4968-A614-F56B7D7B6DE4}.Release|Win32.ActiveCfg = Release|Win32
		{4924294C-C6AB-4968-A614-F56B7D7B6DE4}.Release|Win32.Build.0 = Release|Win32
		{4924294C-C6AB-4968-A614-F56B7D7B6DE4}.Release|x64.ActiveCfg = Release|x64
		{4924294C-C6AB-4968-A614-F56B7D7B6DE4}.Release|x64.Build.0 = Release|x64
		{1978B246-6B03-4768-B561-F8310114201B}.Debug|Win32.ActiveCfg = Debug|Win32
		{1978B246-6B03-4768-B561-F8310114201B}.Debug|Win32.Build.0 = Debug|Win32
		{1978B246-6B03-4768-B561-F8310114201B}.Debug|x64.ActiveCfg = Debug|x64
		{1978B246-6B03-4768-B561-F8310114201B}.Debug|x64.Build.0 = Debug|x64
		{1978B246-6B03-4768-B561-F8310114201B}.Release|Win32.ActiveCfg = Release|Win32
		{1978B246-6B03-4768-B561-F8310114201B}.Release|Win32.Build.0 = Release|Win32
		{1978B246-6B03-4768-B561-F8310114201B}.Release|x64.ActiveCfg = Release|x64
		{1978B246-6B03-4768-B561-F8310114201B}.Release|x64.Build.0 = Release|x64
		{86967886-C522-447A-B64E-E9E2D069751D}.Debug|Win32.ActiveCfg = Debug|Win32
		{86967886-C522-447A-B64E-E9E2D069751D}.Debug|Win32.Build.0 = Debug|Win32
		{86967886-C522-447A-B64E-E9E2D069751D}.Debug|x64.ActiveCfg = Debug|x64
		{86967886-C522-447A-B64E-E9E2D069751D}.Debug|x64.Build.0 = Debug|x64
		{86967886-C522-447A-B64E-E9E2D069751D}.Release|Win32.ActiveCfg = Release|Win32
		{86967886-C522-447A-B64E-E9E2D069751D}.Release|Win32.Build.0 = Release|Win32
		{86967886-C522-447A-B64E-E9E2D069751D}.Release|x64.ActiveCfg = Release|x64
		{86967886-C522-447A-B64E-E9E2D069751D}.Release|x64.Build.0 = Release|x64
		{AA8469D0-973F-4F2C-9B5E-7C3DE73FEE06}.Debug|Win32.ActiveCfg = Debug|Win32
		{AA8469D0-973F-4F2C-9B5E-7C3DE73FEE06}.Debug|Win32.Build.0 = Debug|Win32
		{AA8469D0-973F-4F2C-9B5E-7C3DE73FEE06}.Debug|x64.ActiveCfg = Debug|x64
		{AA8469D0-973F-4F2C-9B5E-7C3DE73FEE06}.Debug|x64.Build.0 = Debug|x64
		{AA8469D0-973F-4F2C-9B5E-7C3DE73FEE06}.Release|Win32.ActiveCfg = Release|Win32
		{AA8469D0-973F-4F2C-9B5E-7C3DE73FEE06}.Release|Win32.Build.0 = Release|Win32
		{AA8469D0-973F-4F2C-9B5E-7C3DE73FEE06}.Release|x64.ActiveCfg = Release|x64
		{AA8469D0-973F-4F2C-9B5E-7C3DE73FEE06}.Release|x64.Build.0 = Release|x64
		{7A7B815C-FF90-4C44-A3BD-B90FB0FC9F88}.Debug|Win32.ActiveCfg = Debug|Win32
		{7A7B815C-FF90-4C44-A3BD-B90FB0FC9F88}.Debug|Win32.Build.0 = Debug|Win32
		{7A7B815C-FF90-4C44-A3BD-B90FB0FC9F88}.Debug|x64.ActiveCfg = Debug|x64
		{7A7B815C-FF90-4C44-A3BD-B90FB0FC9F88}.Debug|x64.Build.0 = Debug|x64
		{7A7B815C-FF90-4C44-A3BD-B90FB0FC9F88}.Release|Win32.ActiveCfg = Release|Win32
		{7A7B815C-FF90-4C44-A3BD-B90FB0FC9F88}.Release|Win32.Build.0 = Release|Win32
		{7A7B815C-FF90-4C44-A3BD-B90FB0FC9F88}.Release|x64.ActiveCfg = Release|x64
		{7A7B815C-FF90-4C44-A3BD-B90FB0FC9F88}.Release|x64.Build.0 = Release|x64
		{ED8C546D-3B34-46C9-A074-5473E8A82A21}.Debug|Win32.ActiveCfg = Debug|Win32
		{ED8C546D-3B34-46C9-A074-5473E8A82A21}.Debug|Win32.Build.0 = Debug|Win32
		{ED8C546D-3B34-46C9-A074-5473E8A82A21}.Debug|x64.ActiveCfg = Debug|x64
		{ED8C546D-3B34-46C9-A074-5473E8A82A21}.Debug|x64.Build.0 = Debug|x64
		{ED8C546D-3B34-46C9-A074-5473E8A82A21}.Release|Win32.ActiveCfg = Release|Win32
		{ED8C546D-3B34-46C9-A074-5473E8A82A21}.Release|Win32.Build.0 = Release|Win32
		{ED8C546D-3B34-46C9-A074-5473E8A82A21}.Release|x64.ActiveCfg = Release|x64
		{ED8C546D-3B34-46C9-A074-5473E8A82A21}.Release|x64.Build.0 = Release|x64
	EndGlobalSection
	GlobalSection(SolutionProperties) = preSolution
		HideSolutionNode = FALSE
	EndGlobalSection
EndGlobal
