<?xml version="1.0" encoding="utf-8"?>
<Project ToolsVersion="4.0" xmlns="http://schemas.microsoft.com/developer/msbuild/2003">
  <ItemGroup>
    <Filter Include="ソース ファイル">
      <UniqueIdentifier>{4FC737F1-C7A5-4376-A066-2A32D752A2FF}</UniqueIdentifier>
      <Extensions>cpp;c;cc;cxx;def;odl;idl;hpj;bat;asm;asmx</Extensions>
    </Filter>
    <Filter Include="ヘッダー ファイル">
      <UniqueIdentifier>{93995380-89BD-4b04-88EB-625FBE52EBFB}</UniqueIdentifier>
      <Extensions>h;hpp;hxx;hm;inl;inc;xsd</Extensions>
    </Filter>
    <Filter Include="リソース ファイル">
      <UniqueIdentifier>{67DA6AB6-F800-4c08-8B7A-83BB121AAD01}</UniqueIdentifier>
      <Extensions>rc;ico;cur;bmp;dlg;rc2;rct;bin;rgs;gif;jpg;jpeg;jpe;resx;tiff;tif;png;wav;mfcribbon-ms</Extensions>
    </Filter>
  </ItemGroup>
  <ItemGroup>
    <ClCompile Include="affine.c">
      <Filter>ソース ファイル</Filter>
    </ClCompile>
    <ClCompile Include="binimage.c">
      <Filter>ソース ファイル</Filter>
    </ClCompile>
    <ClCompile Include="binvolume.c">
      <Filter>ソース ファイル</Filter>
    </ClCompile>
    <ClCompile Include="bmp.c">
      <Filter>ソース ファイル</Filter>
    </ClCompile>
    <ClCompile Include="canny.c">
      <Filter>ソース ファイル</Filter>
    </ClCompile>
    <ClCompile Include="color.c">
      <Filter>ソース ファイル</Filter>
    </ClCompile>
    <ClCompile Include="fileio.c">
      <Filter>ソース ファイル</Filter>
    </ClCompile>
    <ClCompile Include="filter.c">
      <Filter>ソース ファイル</Filter>
    </ClCompile>
    <ClCompile Include="fit.c">
      <Filter>ソース ファイル</Filter>
    </ClCompile>
    <ClCompile Include="fmatrix.c">
      <Filter>ソース ファイル</Filter>
    </ClCompile>
    <ClCompile Include="homography.c">
      <Filter>ソース ファイル</Filter>
    </ClCompile>
    <ClCompile Include="horn.c">
      <Filter>ソース ファイル</Filter>
    </ClCompile>
    <ClCompile Include="image.c">
      <Filter>ソース ファイル</Filter>
    </ClCompile>
    <ClCompile Include="lerp.c">
      <Filter>ソース ファイル</Filter>
    </ClCompile>
    <ClCompile Include="morphology.c">
      <Filter>ソース ファイル</Filter>
    </ClCompile>
    <ClCompile Include="pgm.c">
      <Filter>ソース ファイル</Filter>
    </ClCompile>
    <ClCompile Include="poly.c">
      <Filter>ソース ファイル</Filter>
    </ClCompile>
    <ClCompile Include="pyramid.c">
      <Filter>ソース ファイル</Filter>
    </ClCompile>
    <ClCompile Include="pyramid-io.c">
      <Filter>ソース ファイル</Filter>
    </ClCompile>
    <ClCompile Include="qsort.c">
      <Filter>ソース ファイル</Filter>
    </ClCompile>
    <ClCompile Include="resample.c">
      <Filter>ソース ファイル</Filter>
    </ClCompile>
    <ClCompile Include="tps.c">
      <Filter>ソース ファイル</Filter>
    </ClCompile>
    <ClCompile Include="transform.c">
      <Filter>ソース ファイル</Filter>
    </ClCompile>
    <ClCompile Include="transform3D.c">
      <Filter>ソース ファイル</Filter>
    </ClCompile>
    <ClCompile Include="transform-opt.c">
      <Filter>ソース ファイル</Filter>
    </ClCompile>
    <ClCompile Include="triangle.c">
      <Filter>ソース ファイル</Filter>
    </ClCompile>
    <ClCompile Include="triangulate.c">
      <Filter>ソース ファイル</Filter>
    </ClCompile>
    <ClCompile Include="util.c">
      <Filter>ソース ファイル</Filter>
    </ClCompile>
    <ClCompile Include="vanish.c">
      <Filter>ソース ファイル</Filter>
    </ClCompile>
  </ItemGroup>
  <ItemGroup>
    <ClInclude Include="affine.h">
      <Filter>ヘッダー ファイル</Filter>
    </ClInclude>
    <ClInclude Include="binimage.h">
      <Filter>ヘッダー ファイル</Filter>
    </ClInclude>
    <ClInclude Include="binvolume.h">
      <Filter>ヘッダー ファイル</Filter>
    </ClInclude>
    <ClInclude Include="bmp.h">
      <Filter>ヘッダー ファイル</Filter>
    </ClInclude>
    <ClInclude Include="canny.h">
      <Filter>ヘッダー ファイル</Filter>
    </ClInclude>
    <ClInclude Include="color.h">
      <Filter>ヘッダー ファイル</Filter>
    </ClInclude>
    <ClInclude Include="defines.h">
      <Filter>ヘッダー ファイル</Filter>
    </ClInclude>
    <ClInclude Include="dmap-io.h">
      <Filter>ヘッダー ファイル</Filter>
    </ClInclude>
    <ClInclude Include="fileio.h">
      <Filter>ヘッダー ファイル</Filter>
    </ClInclude>
    <ClInclude Include="filter.h">
      <Filter>ヘッダー ファイル</Filter>
    </ClInclude>
    <ClInclude Include="fit.h">
      <Filter>ヘッダー ファイル</Filter>
    </ClInclude>
    <ClInclude Include="fmatrix.h">
      <Filter>ヘッダー ファイル</Filter>
    </ClInclude>
    <ClInclude Include="homography.h">
      <Filter>ヘッダー ファイル</Filter>
    </ClInclude>
    <ClInclude Include="horn.h">
      <Filter>ヘッダー ファイル</Filter>
    </ClInclude>
    <ClInclude Include="image.h">
      <Filter>ヘッダー ファイル</Filter>
    </ClInclude>
    <ClInclude Include="lerp.h">
      <Filter>ヘッダー ファイル</Filter>
    </ClInclude>
    <ClInclude Include="morphology.h">
      <Filter>ヘッダー ファイル</Filter>
    </ClInclude>
    <ClInclude Include="pad.h">
      <Filter>ヘッダー ファイル</Filter>
    </ClInclude>
    <ClInclude Include="pgm.h">
      <Filter>ヘッダー ファイル</Filter>
    </ClInclude>
    <ClInclude Include="poly.h">
      <Filter>ヘッダー ファイル</Filter>
    </ClInclude>
    <ClInclude Include="pyramid.h">
      <Filter>ヘッダー ファイル</Filter>
    </ClInclude>
    <ClInclude Include="pyramid-io.h">
      <Filter>ヘッダー ファイル</Filter>
    </ClInclude>
    <ClInclude Include="qsort.h">
      <Filter>ヘッダー ファイル</Filter>
    </ClInclude>
    <ClInclude Include="resample.h">
      <Filter>ヘッダー ファイル</Filter>
    </ClInclude>
    <ClInclude Include="tps.h">
      <Filter>ヘッダー ファイル</Filter>
    </ClInclude>
    <ClInclude Include="transform.h">
      <Filter>ヘッダー ファイル</Filter>
    </ClInclude>
    <ClInclude Include="transform3D.h">
      <Filter>ヘッダー ファイル</Filter>
    </ClInclude>
    <ClInclude Include="transform-opt.h">
      <Filter>ヘッダー ファイル</Filter>
    </ClInclude>
    <ClInclude Include="triangle.h">
      <Filter>ヘッダー ファイル</Filter>
    </ClInclude>
    <ClInclude Include="triangulate.h">
      <Filter>ヘッダー ファイル</Filter>
    </ClInclude>
    <ClInclude Include="util.h">
      <Filter>ヘッダー ファイル</Filter>
    </ClInclude>
    <ClInclude Include="vanish.h">
      <Filter>ヘッダー ファイル</Filter>
    </ClInclude>
  </ItemGroup>
</Project>